
Microsoft Visual Studio Solution File, Format Version 12.00
# Visual Studio Version 17
VisualStudioVersion = 17.3.32825.248
MinimumVisualStudioVersion = 10.0.40219.1
Project("{FAE04EC0-301F-11D3-BF4B-00C04F79EFBC}") = "Darkorbit 10.0", "Darkorbit 10.0\Darkorbit 10.0.csproj", "{57F6A6FC-7464-40D8-AB49-5EC09BFBED61}"
EndProject
Global
	GlobalSection(SolutionConfigurationPlatforms) = preSolution
		Debug|Any CPU = Debug|Any CPU
		Release|Any CPU = Release|Any CPU
	EndGlobalSection
	GlobalSection(ProjectConfigurationPlatforms) = postSolution
		{57F6A6FC-7464-40D8-AB49-5EC09BFBED61}.Debug|Any CPU.ActiveCfg = Debug|Any CPU
		{57F6A6FC-7464-40D8-AB49-5EC09BFBED61}.Debug|Any CPU.Build.0 = Debug|Any CPU
		{57F6A6FC-7464-40D8-AB49-5EC09BFBED61}.Release|Any CPU.ActiveCfg = Release|Any CPU
		{57F6A6FC-7464-40D8-AB49-5EC09BFBED61}.Release|Any CPU.Build.0 = Release|Any CPU
	EndGlobalSection
	GlobalSection(SolutionProperties) = preSolution
		HideSolutionNode = FALSE
	EndGlobalSection
	GlobalSection(ExtensibilityGlobals) = postSolution
		SolutionGuid = {8E9AA75D-F33B-477D-91EC-6D5B4F9DA543}
	EndGlobalSection
EndGlobal
